
Microsoft Visual Studio Solution File, Format Version 12.00
# Visual Studio Version 17
VisualStudioVersion = 17.5.33516.290
MinimumVisualStudioVersion = 10.0.40219.1
Project("{FAE04EC0-301F-11D3-BF4B-00C04F79EFBC}") = "WpfApp1", "WpfApp1\WpfApp1.csproj", "{A68D6BF7-DEA3-4EB3-A975-8E8DB1495D24}"
EndProject
Global
	GlobalSection(SolutionConfigurationPlatforms) = preSolution
		Debug|Any CPU = Debug|Any CPU
		Release|Any CPU = Release|Any CPU
	EndGlobalSection
	GlobalSection(ProjectConfigurationPlatforms) = postSolution
		{A68D6BF7-DEA3-4EB3-A975-8E8DB1495D24}.Debug|Any CPU.ActiveCfg = Debug|Any CPU
		{A68D6BF7-DEA3-4EB3-A975-8E8DB1495D24}.Debug|Any CPU.Build.0 = Debug|Any CPU
		{A68D6BF7-DEA3-4EB3-A975-8E8DB1495D24}.Release|Any CPU.ActiveCfg = Release|Any CPU
		{A68D6BF7-DEA3-4EB3-A975-8E8DB1495D24}.Release|Any CPU.Build.0 = Release|Any CPU
	EndGlobalSection
	GlobalSection(SolutionProperties) = preSolution
		HideSolutionNode = FALSE
	EndGlobalSection
	GlobalSection(ExtensibilityGlobals) = postSolution
		SolutionGuid = {86C897DE-3E8F-417A-B37E-777DEACEFA75}
	EndGlobalSection
EndGlobal
